// !$*UTF8*$!
{
	archiveVersion = 1;
	classes = {
	};
	objectVersion = 50;
	objects = {

/* Begin PBXBuildFile section */
		4704643B21AFA0CD00BC23ED /* AppDelegate.swift in Sources */ = {isa = PBXBuildFile; fileRef = 4704643A21AFA0CD00BC23ED /* AppDelegate.swift */; };
		4704644021AFA0CD00BC23ED /* Main.storyboard in Resources */ = {isa = PBXBuildFile; fileRef = 4704643E21AFA0CD00BC23ED /* Main.storyboard */; };
		4704644221AFA0CF00BC23ED /* Assets.xcassets in Resources */ = {isa = PBXBuildFile; fileRef = 4704644121AFA0CF00BC23ED /* Assets.xcassets */; };
		4704644521AFA0CF00BC23ED /* LaunchScreen.storyboard in Resources */ = {isa = PBXBuildFile; fileRef = 4704644321AFA0CF00BC23ED /* LaunchScreen.storyboard */; };
		47308E4B21AFA7C20055106E /* Step.swift in Sources */ = {isa = PBXBuildFile; fileRef = 47308E4A21AFA7C20055106E /* Step.swift */; };
		47308E4D21AFA7CB0055106E /* StepController.swift in Sources */ = {isa = PBXBuildFile; fileRef = 47308E4C21AFA7CB0055106E /* StepController.swift */; };
		47308E4F21AFA7FC0055106E /* StepTableViewController.swift in Sources */ = {isa = PBXBuildFile; fileRef = 47308E4E21AFA7FC0055106E /* StepTableViewController.swift */; };
		47308E5321AFAF830055106E /* StepTableViewCell.swift in Sources */ = {isa = PBXBuildFile; fileRef = 47308E5221AFAF830055106E /* StepTableViewCell.swift */; };
		47308E5821AFB0400055106E /* StepViewController.swift in Sources */ = {isa = PBXBuildFile; fileRef = 47308E5721AFB0400055106E /* StepViewController.swift */; };
		47BFE17C21B0587F004A09DE /* TestStepViewController.swift in Sources */ = {isa = PBXBuildFile; fileRef = 47BFE17B21B0587F004A09DE /* TestStepViewController.swift */; };
		47BFE17E21B059DD004A09DE /* NCTest.swift in Sources */ = {isa = PBXBuildFile; fileRef = 47BFE17D21B059DD004A09DE /* NCTest.swift */; };
		47BFE18121B05D5C004A09DE /* TimerManager.swift in Sources */ = {isa = PBXBuildFile; fileRef = 47BFE18021B05D5C004A09DE /* TimerManager.swift */; };
		47BFE18321B06188004A09DE /* UI+AlertController.swift in Sources */ = {isa = PBXBuildFile; fileRef = 47BFE18221B06188004A09DE /* UI+AlertController.swift */; };
/* End PBXBuildFile section */

/* Begin PBXFileReference section */
		4704643721AFA0CD00BC23ED /* groupProjNotificationsTestProject.app */ = {isa = PBXFileReference; explicitFileType = wrapper.application; includeInIndex = 0; path = groupProjNotificationsTestProject.app; sourceTree = BUILT_PRODUCTS_DIR; };
		4704643A21AFA0CD00BC23ED /* AppDelegate.swift */ = {isa = PBXFileReference; lastKnownFileType = sourcecode.swift; path = AppDelegate.swift; sourceTree = "<group>"; };
		4704643F21AFA0CD00BC23ED /* Base */ = {isa = PBXFileReference; lastKnownFileType = file.storyboard; name = Base; path = Base.lproj/Main.storyboard; sourceTree = "<group>"; };
		4704644121AFA0CF00BC23ED /* Assets.xcassets */ = {isa = PBXFileReference; lastKnownFileType = folder.assetcatalog; path = Assets.xcassets; sourceTree = "<group>"; };
		4704644421AFA0CF00BC23ED /* Base */ = {isa = PBXFileReference; lastKnownFileType = file.storyboard; name = Base; path = Base.lproj/LaunchScreen.storyboard; sourceTree = "<group>"; };
		4704644621AFA0CF00BC23ED /* Info.plist */ = {isa = PBXFileReference; lastKnownFileType = text.plist.xml; path = Info.plist; sourceTree = "<group>"; };
		47308E4321AFA2550055106E /* groupProjNotificationsTestProject.entitlements */ = {isa = PBXFileReference; lastKnownFileType = text.plist.entitlements; path = groupProjNotificationsTestProject.entitlements; sourceTree = "<group>"; };
		47308E4A21AFA7C20055106E /* Step.swift */ = {isa = PBXFileReference; lastKnownFileType = sourcecode.swift; path = Step.swift; sourceTree = "<group>"; };
		47308E4C21AFA7CB0055106E /* StepController.swift */ = {isa = PBXFileReference; lastKnownFileType = sourcecode.swift; path = StepController.swift; sourceTree = "<group>"; };
		47308E4E21AFA7FC0055106E /* StepTableViewController.swift */ = {isa = PBXFileReference; lastKnownFileType = sourcecode.swift; path = StepTableViewController.swift; sourceTree = "<group>"; };
		47308E5221AFAF830055106E /* StepTableViewCell.swift */ = {isa = PBXFileReference; lastKnownFileType = sourcecode.swift; path = StepTableViewCell.swift; sourceTree = "<group>"; };
		47308E5721AFB0400055106E /* StepViewController.swift */ = {isa = PBXFileReference; lastKnownFileType = sourcecode.swift; path = StepViewController.swift; sourceTree = "<group>"; };
		47BFE17B21B0587F004A09DE /* TestStepViewController.swift */ = {isa = PBXFileReference; lastKnownFileType = sourcecode.swift; path = TestStepViewController.swift; sourceTree = "<group>"; };
		47BFE17D21B059DD004A09DE /* NCTest.swift */ = {isa = PBXFileReference; lastKnownFileType = sourcecode.swift; path = NCTest.swift; sourceTree = "<group>"; };
		47BFE18021B05D5C004A09DE /* TimerManager.swift */ = {isa = PBXFileReference; lastKnownFileType = sourcecode.swift; path = TimerManager.swift; sourceTree = "<group>"; };
		47BFE18221B06188004A09DE /* UI+AlertController.swift */ = {isa = PBXFileReference; lastKnownFileType = sourcecode.swift; path = "UI+AlertController.swift"; sourceTree = "<group>"; };
/* End PBXFileReference section */

/* Begin PBXFrameworksBuildPhase section */
		4704643421AFA0CD00BC23ED /* Frameworks */ = {
			isa = PBXFrameworksBuildPhase;
			buildActionMask = 2147483647;
			files = (
			);
			runOnlyForDeploymentPostprocessing = 0;
		};
/* End PBXFrameworksBuildPhase section */

/* Begin PBXGroup section */
		4704642E21AFA0CD00BC23ED = {
			isa = PBXGroup;
			children = (
				4704643921AFA0CD00BC23ED /* groupProjNotificationsTestProject */,
				4704643821AFA0CD00BC23ED /* Products */,
			);
			sourceTree = "<group>";
		};
		4704643821AFA0CD00BC23ED /* Products */ = {
			isa = PBXGroup;
			children = (
				4704643721AFA0CD00BC23ED /* groupProjNotificationsTestProject.app */,
			);
			name = Products;
			sourceTree = "<group>";
		};
		4704643921AFA0CD00BC23ED /* groupProjNotificationsTestProject */ = {
			isa = PBXGroup;
			children = (
				47308E4921AFA6A60055106E /* UI */,
				47308E4821AFA69B0055106E /* ViewController */,
				47308E4721AFA6930055106E /* ModelController */,
				47308E4621AFA68B0055106E /* Model */,
				47308E4521AFA6820055106E /* SupportingFiles */,
				47308E4421AFA6750055106E /* Resources */,
			);
			path = groupProjNotificationsTestProject;
			sourceTree = "<group>";
		};
		47308E4421AFA6750055106E /* Resources */ = {
			isa = PBXGroup;
			children = (
				47308E4321AFA2550055106E /* groupProjNotificationsTestProject.entitlements */,
				4704644121AFA0CF00BC23ED /* Assets.xcassets */,
				4704644321AFA0CF00BC23ED /* LaunchScreen.storyboard */,
				4704644621AFA0CF00BC23ED /* Info.plist */,
			);
			path = Resources;
			sourceTree = "<group>";
		};
		47308E4521AFA6820055106E /* SupportingFiles */ = {
			isa = PBXGroup;
			children = (
				4704643A21AFA0CD00BC23ED /* AppDelegate.swift */,
				47BFE18021B05D5C004A09DE /* TimerManager.swift */,
				47BFE18221B06188004A09DE /* UI+AlertController.swift */,
			);
			path = SupportingFiles;
			sourceTree = "<group>";
		};
		47308E4621AFA68B0055106E /* Model */ = {
			isa = PBXGroup;
			children = (
				47308E4A21AFA7C20055106E /* Step.swift */,
				47BFE17D21B059DD004A09DE /* NCTest.swift */,
			);
			path = Model;
			sourceTree = "<group>";
		};
		47308E4721AFA6930055106E /* ModelController */ = {
			isa = PBXGroup;
			children = (
				47308E4C21AFA7CB0055106E /* StepController.swift */,
			);
			path = ModelController;
			sourceTree = "<group>";
		};
		47308E4821AFA69B0055106E /* ViewController */ = {
			isa = PBXGroup;
			children = (
				47BFE17F21B05CAB004A09DE /* FirstTwoVC */,
				47BFE17A21B05852004A09DE /* testNott */,
			);
			path = ViewController;
			sourceTree = "<group>";
		};
		47308E4921AFA6A60055106E /* UI */ = {
			isa = PBXGroup;
			children = (
				4704643E21AFA0CD00BC23ED /* Main.storyboard */,
				47308E5221AFAF830055106E /* StepTableViewCell.swift */,
			);
			path = UI;
			sourceTree = "<group>";
		};
		47BFE17A21B05852004A09DE /* testNott */ = {
			isa = PBXGroup;
			children = (
				47BFE17B21B0587F004A09DE /* TestStepViewController.swift */,
			);
			path = testNott;
			sourceTree = "<group>";
		};
		47BFE17F21B05CAB004A09DE /* FirstTwoVC */ = {
			isa = PBXGroup;
			children = (
				47308E4E21AFA7FC0055106E /* StepTableViewController.swift */,
				47308E5721AFB0400055106E /* StepViewController.swift */,
			);
			path = FirstTwoVC;
			sourceTree = "<group>";
		};
/* End PBXGroup section */

/* Begin PBXNativeTarget section */
		4704643621AFA0CD00BC23ED /* groupProjNotificationsTestProject */ = {
			isa = PBXNativeTarget;
			buildConfigurationList = 4704644921AFA0CF00BC23ED /* Build configuration list for PBXNativeTarget "groupProjNotificationsTestProject" */;
			buildPhases = (
				4704643321AFA0CD00BC23ED /* Sources */,
				4704643421AFA0CD00BC23ED /* Frameworks */,
				4704643521AFA0CD00BC23ED /* Resources */,
			);
			buildRules = (
			);
			dependencies = (
			);
			name = groupProjNotificationsTestProject;
			productName = groupProjNotificationsTestProject;
			productReference = 4704643721AFA0CD00BC23ED /* groupProjNotificationsTestProject.app */;
			productType = "com.apple.product-type.application";
		};
/* End PBXNativeTarget section */

/* Begin PBXProject section */
		4704642F21AFA0CD00BC23ED /* Project object */ = {
			isa = PBXProject;
			attributes = {
				LastSwiftUpdateCheck = 1010;
				LastUpgradeCheck = 1010;
				ORGANIZATIONNAME = ramcomw;
				TargetAttributes = {
					4704643621AFA0CD00BC23ED = {
						CreatedOnToolsVersion = 10.1;
						SystemCapabilities = {
							com.apple.Push = {
								enabled = 0;
							};
						};
					};
				};
			};
			buildConfigurationList = 4704643221AFA0CD00BC23ED /* Build configuration list for PBXProject "groupProjNotificationsTestProject" */;
			compatibilityVersion = "Xcode 9.3";
			developmentRegion = en;
			hasScannedForEncodings = 0;
			knownRegions = (
				en,
				Base,
			);
			mainGroup = 4704642E21AFA0CD00BC23ED;
			productRefGroup = 4704643821AFA0CD00BC23ED /* Products */;
			projectDirPath = "";
			projectRoot = "";
			targets = (
				4704643621AFA0CD00BC23ED /* groupProjNotificationsTestProject */,
			);
		};
/* End PBXProject section */

/* Begin PBXResourcesBuildPhase section */
		4704643521AFA0CD00BC23ED /* Resources */ = {
			isa = PBXResourcesBuildPhase;
			buildActionMask = 2147483647;
			files = (
				4704644521AFA0CF00BC23ED /* LaunchScreen.storyboard in Resources */,
				4704644221AFA0CF00BC23ED /* Assets.xcassets in Resources */,
				4704644021AFA0CD00BC23ED /* Main.storyboard in Resources */,
			);
			runOnlyForDeploymentPostprocessing = 0;
		};
/* End PBXResourcesBuildPhase section */

/* Begin PBXSourcesBuildPhase section */
		4704643321AFA0CD00BC23ED /* Sources */ = {
			isa = PBXSourcesBuildPhase;
			buildActionMask = 2147483647;
			files = (
				47BFE17E21B059DD004A09DE /* NCTest.swift in Sources */,
				47BFE17C21B0587F004A09DE /* TestStepViewController.swift in Sources */,
				4704643B21AFA0CD00BC23ED /* AppDelegate.swift in Sources */,
				47308E4B21AFA7C20055106E /* Step.swift in Sources */,
				47308E5821AFB0400055106E /* StepViewController.swift in Sources */,
				47308E4D21AFA7CB0055106E /* StepController.swift in Sources */,
				47BFE18321B06188004A09DE /* UI+AlertController.swift in Sources */,
				47BFE18121B05D5C004A09DE /* TimerManager.swift in Sources */,
				47308E5321AFAF830055106E /* StepTableViewCell.swift in Sources */,
				47308E4F21AFA7FC0055106E /* StepTableViewController.swift in Sources */,
			);
			runOnlyForDeploymentPostprocessing = 0;
		};
/* End PBXSourcesBuildPhase section */

/* Begin PBXVariantGroup section */
		4704643E21AFA0CD00BC23ED /* Main.storyboard */ = {
			isa = PBXVariantGroup;
			children = (
				4704643F21AFA0CD00BC23ED /* Base */,
			);
			name = Main.storyboard;
			sourceTree = "<group>";
		};
		4704644321AFA0CF00BC23ED /* LaunchScreen.storyboard */ = {
			isa = PBXVariantGroup;
			children = (
				4704644421AFA0CF00BC23ED /* Base */,
			);
			name = LaunchScreen.storyboard;
			sourceTree = "<group>";
		};
/* End PBXVariantGroup section */

/* Begin XCBuildConfiguration section */
		4704644721AFA0CF00BC23ED /* Debug */ = {
			isa = XCBuildConfiguration;
			buildSettings = {
				ALWAYS_SEARCH_USER_PATHS = NO;
				CLANG_ANALYZER_NONNULL = YES;
				CLANG_ANALYZER_NUMBER_OBJECT_CONVERSION = YES_AGGRESSIVE;
				CLANG_CXX_LANGUAGE_STANDARD = "gnu++14";
				CLANG_CXX_LIBRARY = "libc++";
				CLANG_ENABLE_MODULES = YES;
				CLANG_ENABLE_OBJC_ARC = YES;
				CLANG_ENABLE_OBJC_WEAK = YES;
				CLANG_WARN_BLOCK_CAPTURE_AUTORELEASING = YES;
				CLANG_WARN_BOOL_CONVERSION = YES;
				CLANG_WARN_COMMA = YES;
				CLANG_WARN_CONSTANT_CONVERSION = YES;
				CLANG_WARN_DEPRECATED_OBJC_IMPLEMENTATIONS = YES;
				CLANG_WARN_DIRECT_OBJC_ISA_USAGE = YES_ERROR;
				CLANG_WARN_DOCUMENTATION_COMMENTS = YES;
				CLANG_WARN_EMPTY_BODY = YES;
				CLANG_WARN_ENUM_CONVERSION = YES;
				CLANG_WARN_INFINITE_RECURSION = YES;
				CLANG_WARN_INT_CONVERSION = YES;
				CLANG_WARN_NON_LITERAL_NULL_CONVERSION = YES;
				CLANG_WARN_OBJC_IMPLICIT_RETAIN_SELF = YES;
				CLANG_WARN_OBJC_LITERAL_CONVERSION = YES;
				CLANG_WARN_OBJC_ROOT_CLASS = YES_ERROR;
				CLANG_WARN_RANGE_LOOP_ANALYSIS = YES;
				CLANG_WARN_STRICT_PROTOTYPES = YES;
				CLANG_WARN_SUSPICIOUS_MOVE = YES;
				CLANG_WARN_UNGUARDED_AVAILABILITY = YES_AGGRESSIVE;
				CLANG_WARN_UNREACHABLE_CODE = YES;
				CLANG_WARN__DUPLICATE_METHOD_MATCH = YES;
				CODE_SIGN_IDENTITY = "iPhone Developer";
				COPY_PHASE_STRIP = NO;
				DEBUG_INFORMATION_FORMAT = dwarf;
				ENABLE_STRICT_OBJC_MSGSEND = YES;
				ENABLE_TESTABILITY = YES;
				GCC_C_LANGUAGE_STANDARD = gnu11;
				GCC_DYNAMIC_NO_PIC = NO;
				GCC_NO_COMMON_BLOCKS = YES;
				GCC_OPTIMIZATION_LEVEL = 0;
				GCC_PREPROCESSOR_DEFINITIONS = (
					"DEBUG=1",
					"$(inherited)",
				);
				GCC_WARN_64_TO_32_BIT_CONVERSION = YES;
				GCC_WARN_ABOUT_RETURN_TYPE = YES_ERROR;
				GCC_WARN_UNDECLARED_SELECTOR = YES;
				GCC_WARN_UNINITIALIZED_AUTOS = YES_AGGRESSIVE;
				GCC_WARN_UNUSED_FUNCTION = YES;
				GCC_WARN_UNUSED_VARIABLE = YES;
				IPHONEOS_DEPLOYMENT_TARGET = 12.1;
				MTL_ENABLE_DEBUG_INFO = INCLUDE_SOURCE;
				MTL_FAST_MATH = YES;
				ONLY_ACTIVE_ARCH = YES;
				SDKROOT = iphoneos;
				SWIFT_ACTIVE_COMPILATION_CONDITIONS = DEBUG;
				SWIFT_OPTIMIZATION_LEVEL = "-Onone";
			};
			name = Debug;
		};
		4704644821AFA0CF00BC23ED /* Release */ = {
			isa = XCBuildConfiguration;
			buildSettings = {
				ALWAYS_SEARCH_USER_PATHS = NO;
				CLANG_ANALYZER_NONNULL = YES;
				CLANG_ANALYZER_NUMBER_OBJECT_CONVERSION = YES_AGGRESSIVE;
				CLANG_CXX_LANGUAGE_STANDARD = "gnu++14";
				CLANG_CXX_LIBRARY = "libc++";
				CLANG_ENABLE_MODULES = YES;
				CLANG_ENABLE_OBJC_ARC = YES;
				CLANG_ENABLE_OBJC_WEAK = YES;
				CLANG_WARN_BLOCK_CAPTURE_AUTORELEASING = YES;
				CLANG_WARN_BOOL_CONVERSION = YES;
				CLANG_WARN_COMMA = YES;
				CLANG_WARN_CONSTANT_CONVERSION = YES;
				CLANG_WARN_DEPRECATED_OBJC_IMPLEMENTATIONS = YES;
				CLANG_WARN_DIRECT_OBJC_ISA_USAGE = YES_ERROR;
				CLANG_WARN_DOCUMENTATION_COMMENTS = YES;
				CLANG_WARN_EMPTY_BODY = YES;
				CLANG_WARN_ENUM_CONVERSION = YES;
				CLANG_WARN_INFINITE_RECURSION = YES;
				CLANG_WARN_INT_CONVERSION = YES;
				CLANG_WARN_NON_LITERAL_NULL_CONVERSION = YES;
				CLANG_WARN_OBJC_IMPLICIT_RETAIN_SELF = YES;
				CLANG_WARN_OBJC_LITERAL_CONVERSION = YES;
				CLANG_WARN_OBJC_ROOT_CLASS = YES_ERROR;
				CLANG_WARN_RANGE_LOOP_ANALYSIS = YES;
				CLANG_WARN_STRICT_PROTOTYPES = YES;
				CLANG_WARN_SUSPICIOUS_MOVE = YES;
				CLANG_WARN_UNGUARDED_AVAILABILITY = YES_AGGRESSIVE;
				CLANG_WARN_UNREACHABLE_CODE = YES;
				CLANG_WARN__DUPLICATE_METHOD_MATCH = YES;
				CODE_SIGN_IDENTITY = "iPhone Developer";
				COPY_PHASE_STRIP = NO;
				DEBUG_INFORMATION_FORMAT = "dwarf-with-dsym";
				ENABLE_NS_ASSERTIONS = NO;
				ENABLE_STRICT_OBJC_MSGSEND = YES;
				GCC_C_LANGUAGE_STANDARD = gnu11;
				GCC_NO_COMMON_BLOCKS = YES;
				GCC_WARN_64_TO_32_BIT_CONVERSION = YES;
				GCC_WARN_ABOUT_RETURN_TYPE = YES_ERROR;
				GCC_WARN_UNDECLARED_SELECTOR = YES;
				GCC_WARN_UNINITIALIZED_AUTOS = YES_AGGRESSIVE;
				GCC_WARN_UNUSED_FUNCTION = YES;
				GCC_WARN_UNUSED_VARIABLE = YES;
				IPHONEOS_DEPLOYMENT_TARGET = 12.1;
				MTL_ENABLE_DEBUG_INFO = NO;
				MTL_FAST_MATH = YES;
				SDKROOT = iphoneos;
				SWIFT_COMPILATION_MODE = wholemodule;
				SWIFT_OPTIMIZATION_LEVEL = "-O";
				VALIDATE_PRODUCT = YES;
			};
			name = Release;
		};
		4704644A21AFA0CF00BC23ED /* Debug */ = {
			isa = XCBuildConfiguration;
			buildSettings = {
				ASSETCATALOG_COMPILER_APPICON_NAME = AppIcon;
				CODE_SIGN_STYLE = Automatic;
				DEVELOPMENT_TEAM = L7AYJDAX2C;
				INFOPLIST_FILE = "$(SRCROOT)/groupProjNotificationsTestProject/Resources/Info.plist";
				LD_RUNPATH_SEARCH_PATHS = (
					"$(inherited)",
					"@executable_path/Frameworks",
				);
				PRODUCT_BUNDLE_IDENTIFIER = com.ramcomw.i2v.groupProjNotificationsTestProject;
				PRODUCT_NAME = "$(TARGET_NAME)";
				SWIFT_VERSION = 4.2;
				TARGETED_DEVICE_FAMILY = "1,2";
			};
			name = Debug;
		};
		4704644B21AFA0CF00BC23ED /* Release */ = {
			isa = XCBuildConfiguration;
			buildSettings = {
				ASSETCATALOG_COMPILER_APPICON_NAME = AppIcon;
				CODE_SIGN_STYLE = Automatic;
				DEVELOPMENT_TEAM = L7AYJDAX2C;
				INFOPLIST_FILE = "$(SRCROOT)/groupProjNotificationsTestProject/Resources/Info.plist";
				LD_RUNPATH_SEARCH_PATHS = (
					"$(inherited)",
					"@executable_path/Frameworks",
				);
				PRODUCT_BUNDLE_IDENTIFIER = com.ramcomw.i2v.groupProjNotificationsTestProject;
				PRODUCT_NAME = "$(TARGET_NAME)";
				SWIFT_VERSION = 4.2;
				TARGETED_DEVICE_FAMILY = "1,2";
			};
			name = Release;
		};
/* End XCBuildConfiguration section */

/* Begin XCConfigurationList section */
		4704643221AFA0CD00BC23ED /* Build configuration list for PBXProject "groupProjNotificationsTestProject" */ = {
			isa = XCConfigurationList;
			buildConfigurations = (
				4704644721AFA0CF00BC23ED /* Debug */,
				4704644821AFA0CF00BC23ED /* Release */,
			);
			defaultConfigurationIsVisible = 0;
			defaultConfigurationName = Release;
		};
		4704644921AFA0CF00BC23ED /* Build configuration list for PBXNativeTarget "groupProjNotificationsTestProject" */ = {
			isa = XCConfigurationList;
			buildConfigurations = (
				4704644A21AFA0CF00BC23ED /* Debug */,
				4704644B21AFA0CF00BC23ED /* Release */,
			);
			defaultConfigurationIsVisible = 0;
			defaultConfigurationName = Release;
		};
/* End XCConfigurationList section */
	};
	rootObject = 4704642F21AFA0CD00BC23ED /* Project object */;
}
